
Microsoft Visual Studio Solution File, Format Version 12.00
# Visual Studio Version 16
VisualStudioVersion = 16.0.32126.315
MinimumVisualStudioVersion = 10.0.40219.1
Project("{F184B08F-C81C-45F6-A57F-5ABD9991F28F}") = "SSTF", "SSTF\SSTF.vbproj", "{B2763C22-CB8E-4277-8FB5-FBA294D92A98}"
EndProject
Global
	GlobalSection(SolutionConfigurationPlatforms) = preSolution
		Debug|Any CPU = Debug|Any CPU
		Release|Any CPU = Release|Any CPU
	EndGlobalSection
	GlobalSection(ProjectConfigurationPlatforms) = postSolution
		{B2763C22-CB8E-4277-8FB5-FBA294D92A98}.Debug|Any CPU.ActiveCfg = Debug|Any CPU
		{B2763C22-CB8E-4277-8FB5-FBA294D92A98}.Debug|Any CPU.Build.0 = Debug|Any CPU
		{B2763C22-CB8E-4277-8FB5-FBA294D92A98}.Release|Any CPU.ActiveCfg = Release|Any CPU
		{B2763C22-CB8E-4277-8FB5-FBA294D92A98}.Release|Any CPU.Build.0 = Release|Any CPU
	EndGlobalSection
	GlobalSection(SolutionProperties) = preSolution
		HideSolutionNode = FALSE
	EndGlobalSection
	GlobalSection(ExtensibilityGlobals) = postSolution
		SolutionGuid = {0128C4D7-7056-4AED-AC42-30B5B3C1DED0}
	EndGlobalSection
EndGlobal
